// !$*UTF8*$!
{
	archiveVersion = 1;
	classes = {
	};
	objectVersion = 50;
	objects = {

/* Begin PBXBuildFile section */
		0BCACC8723A17F03003278C8 /* QtCore.framework in Frameworks */ = {isa = PBXBuildFile; fileRef = 0BCACC8623A17F03003278C8 /* QtCore.framework */; };
		0BCACC8B23A19D13003278C8 /* main.cpp in Sources */ = {isa = PBXBuildFile; fileRef = 0BCACC8A23A19D13003278C8 /* main.cpp */; };
/* End PBXBuildFile section */

/* Begin PBXCopyFilesBuildPhase section */
		0BCACC7723A17107003278C8 /* CopyFiles */ = {
			isa = PBXCopyFilesBuildPhase;
			buildActionMask = 2147483647;
			dstPath = /usr/share/man/man1/;
			dstSubfolderSpec = 0;
			files = (
			);
			runOnlyForDeploymentPostprocessing = 1;
		};
/* End PBXCopyFilesBuildPhase section */

/* Begin PBXFileReference section */
		0BCACC7923A17107003278C8 /* XCodeTests */ = {isa = PBXFileReference; explicitFileType = "compiled.mach-o.executable"; includeInIndex = 0; path = XCodeTests; sourceTree = BUILT_PRODUCTS_DIR; };
		0BCACC8323A1747E003278C8 /* XCodeQtConfig.xcconfig */ = {isa = PBXFileReference; fileEncoding = 4; lastKnownFileType = text.xcconfig; path = XCodeQtConfig.xcconfig; sourceTree = "<group>"; };
		0BCACC8623A17F03003278C8 /* QtCore.framework */ = {isa = PBXFileReference; lastKnownFileType = wrapper.framework; name = QtCore.framework; path = ../../../Qt/5.9.8/clang_64/lib/QtCore.framework; sourceTree = "<group>"; };
		0BCACC8A23A19D13003278C8 /* main.cpp */ = {isa = PBXFileReference; fileEncoding = 4; lastKnownFileType = sourcecode.cpp.cpp; path = main.cpp; sourceTree = "<group>"; };
/* End PBXFileReference section */

/* Begin PBXFrameworksBuildPhase section */
		0BCACC7623A17107003278C8 /* Frameworks */ = {
			isa = PBXFrameworksBuildPhase;
			buildActionMask = 2147483647;
			files = (
				0BCACC8723A17F03003278C8 /* QtCore.framework in Frameworks */,
			);
			runOnlyForDeploymentPostprocessing = 0;
		};
/* End PBXFrameworksBuildPhase section */

/* Begin PBXGroup section */
		0BCACC7023A17107003278C8 = {
			isa = PBXGroup;
			children = (
				0BCACC8A23A19D13003278C8 /* main.cpp */,
				0BCACC8323A1747E003278C8 /* XCodeQtConfig.xcconfig */,
				0BCACC7A23A17107003278C8 /* Products */,
				0BCACC8523A17F03003278C8 /* Frameworks */,
			);
			sourceTree = "<group>";
		};
		0BCACC7A23A17107003278C8 /* Products */ = {
			isa = PBXGroup;
			children = (
				0BCACC7923A17107003278C8 /* XCodeTests */,
			);
			name = Products;
			sourceTree = "<group>";
		};
		0BCACC8523A17F03003278C8 /* Frameworks */ = {
			isa = PBXGroup;
			children = (
				0BCACC8623A17F03003278C8 /* QtCore.framework */,
			);
			name = Frameworks;
			sourceTree = "<group>";
		};
/* End PBXGroup section */

/* Begin PBXNativeTarget section */
		0BCACC7823A17107003278C8 /* XCodeTests */ = {
			isa = PBXNativeTarget;
			buildConfigurationList = 0BCACC8023A17107003278C8 /* Build configuration list for PBXNativeTarget "XCodeTests" */;
			buildPhases = (
				0BCACC7523A17107003278C8 /* Sources */,
				0BCACC7623A17107003278C8 /* Frameworks */,
				0BCACC7723A17107003278C8 /* CopyFiles */,
			);
			buildRules = (
			);
			dependencies = (
			);
			name = XCodeTests;
			productName = XCodeTests;
			productReference = 0BCACC7923A17107003278C8 /* XCodeTests */;
			productType = "com.apple.product-type.tool";
		};
/* End PBXNativeTarget section */

/* Begin PBXProject section */
		0BCACC7123A17107003278C8 /* Project object */ = {
			isa = PBXProject;
			attributes = {
				LastUpgradeCheck = 1110;
				ORGANIZATIONNAME = "lldb-qtformatters";
				TargetAttributes = {
					0BCACC7823A17107003278C8 = {
						CreatedOnToolsVersion = 11.1;
					};
				};
			};
			buildConfigurationList = 0BCACC7423A17107003278C8 /* Build configuration list for PBXProject "XCodeTests" */;
			compatibilityVersion = "Xcode 9.3";
			developmentRegion = en;
			hasScannedForEncodings = 0;
			knownRegions = (
				en,
				Base,
			);
			mainGroup = 0BCACC7023A17107003278C8;
			productRefGroup = 0BCACC7A23A17107003278C8 /* Products */;
			projectDirPath = "";
			projectRoot = "";
			targets = (
				0BCACC7823A17107003278C8 /* XCodeTests */,
			);
		};
/* End PBXProject section */

/* Begin PBXSourcesBuildPhase section */
		0BCACC7523A17107003278C8 /* Sources */ = {
			isa = PBXSourcesBuildPhase;
			buildActionMask = 2147483647;
			files = (
				0BCACC8B23A19D13003278C8 /* main.cpp in Sources */,
			);
			runOnlyForDeploymentPostprocessing = 0;
		};
/* End PBXSourcesBuildPhase section */

/* Begin XCBuildConfiguration section */
		0BCACC7E23A17107003278C8 /* Debug */ = {
			isa = XCBuildConfiguration;
			baseConfigurationReference = 0BCACC8323A1747E003278C8 /* XCodeQtConfig.xcconfig */;
			buildSettings = {
				ALWAYS_SEARCH_USER_PATHS = NO;
				CLANG_ANALYZER_NONNULL = YES;
				CLANG_ANALYZER_NUMBER_OBJECT_CONVERSION = YES_AGGRESSIVE;
				CLANG_CXX_LANGUAGE_STANDARD = "compiler-default";
				CLANG_CXX_LIBRARY = "compiler-default";
				CLANG_ENABLE_MODULES = YES;
				CLANG_ENABLE_OBJC_ARC = YES;
				CLANG_ENABLE_OBJC_WEAK = YES;
				CLANG_WARN_BLOCK_CAPTURE_AUTORELEASING = YES;
				CLANG_WARN_BOOL_CONVERSION = YES;
				CLANG_WARN_COMMA = YES;
				CLANG_WARN_CONSTANT_CONVERSION = YES;
				CLANG_WARN_DEPRECATED_OBJC_IMPLEMENTATIONS = YES;
				CLANG_WARN_DIRECT_OBJC_ISA_USAGE = YES_ERROR;
				CLANG_WARN_DOCUMENTATION_COMMENTS = YES;
				CLANG_WARN_EMPTY_BODY = YES;
				CLANG_WARN_ENUM_CONVERSION = YES;
				CLANG_WARN_INFINITE_RECURSION = YES;
				CLANG_WARN_INT_CONVERSION = YES;
				CLANG_WARN_NON_LITERAL_NULL_CONVERSION = YES;
				CLANG_WARN_OBJC_IMPLICIT_RETAIN_SELF = YES;
				CLANG_WARN_OBJC_LITERAL_CONVERSION = YES;
				CLANG_WARN_OBJC_ROOT_CLASS = YES_ERROR;
				CLANG_WARN_RANGE_LOOP_ANALYSIS = YES;
				CLANG_WARN_STRICT_PROTOTYPES = YES;
				CLANG_WARN_SUSPICIOUS_MOVE = YES;
				CLANG_WARN_UNGUARDED_AVAILABILITY = YES_AGGRESSIVE;
				CLANG_WARN_UNREACHABLE_CODE = YES;
				CLANG_WARN__DUPLICATE_METHOD_MATCH = YES;
				COPY_PHASE_STRIP = NO;
				DEBUG_INFORMATION_FORMAT = dwarf;
				DYLIB_COMPATIBILITY_VERSION = 1.0;
				DYLIB_CURRENT_VERSION = 1.0.0;
				ENABLE_STRICT_OBJC_MSGSEND = YES;
				ENABLE_TESTABILITY = YES;
				GCC_C_LANGUAGE_STANDARD = "compiler-default";
				GCC_DYNAMIC_NO_PIC = NO;
				GCC_NO_COMMON_BLOCKS = YES;
				GCC_OPTIMIZATION_LEVEL = 0;
				GCC_PREPROCESSOR_DEFINITIONS = (
					"DEBUG=1",
					"$(inherited)",
				);
				GCC_WARN_64_TO_32_BIT_CONVERSION = YES;
				GCC_WARN_ABOUT_RETURN_TYPE = YES_ERROR;
				GCC_WARN_UNDECLARED_SELECTOR = YES;
				GCC_WARN_UNINITIALIZED_AUTOS = YES_AGGRESSIVE;
				GCC_WARN_UNUSED_FUNCTION = YES;
				GCC_WARN_UNUSED_VARIABLE = YES;
				MACOSX_DEPLOYMENT_TARGET = 10.14;
				MTL_ENABLE_DEBUG_INFO = INCLUDE_SOURCE;
				MTL_FAST_MATH = YES;
				ONLY_ACTIVE_ARCH = YES;
				OTHER_CPLUSPLUSFLAGS = (
					"$(OTHER_CFLAGS)",
					"-Wno-comma",
				);
				OTHER_LDFLAGS = "";
				SDKROOT = macosx;
			};
			name = Debug;
		};
		0BCACC7F23A17107003278C8 /* Release */ = {
			isa = XCBuildConfiguration;
			baseConfigurationReference = 0BCACC8323A1747E003278C8 /* XCodeQtConfig.xcconfig */;
			buildSettings = {
				ALWAYS_SEARCH_USER_PATHS = NO;
				CLANG_ANALYZER_NONNULL = YES;
				CLANG_ANALYZER_NUMBER_OBJECT_CONVERSION = YES_AGGRESSIVE;
				CLANG_CXX_LANGUAGE_STANDARD = "compiler-default";
				CLANG_CXX_LIBRARY = "compiler-default";
				CLANG_ENABLE_MODULES = YES;
				CLANG_ENABLE_OBJC_ARC = YES;
				CLANG_ENABLE_OBJC_WEAK = YES;
				CLANG_WARN_BLOCK_CAPTURE_AUTORELEASING = YES;
				CLANG_WARN_BOOL_CONVERSION = YES;
				CLANG_WARN_COMMA = YES;
				CLANG_WARN_CONSTANT_CONVERSION = YES;
				CLANG_WARN_DEPRECATED_OBJC_IMPLEMENTATIONS = YES;
				CLANG_WARN_DIRECT_OBJC_ISA_USAGE = YES_ERROR;
				CLANG_WARN_DOCUMENTATION_COMMENTS = YES;
				CLANG_WARN_EMPTY_BODY = YES;
				CLANG_WARN_ENUM_CONVERSION = YES;
				CLANG_WARN_INFINITE_RECURSION = YES;
				CLANG_WARN_INT_CONVERSION = YES;
				CLANG_WARN_NON_LITERAL_NULL_CONVERSION = YES;
				CLANG_WARN_OBJC_IMPLICIT_RETAIN_SELF = YES;
				CLANG_WARN_OBJC_LITERAL_CONVERSION = YES;
				CLANG_WARN_OBJC_ROOT_CLASS = YES_ERROR;
				CLANG_WARN_RANGE_LOOP_ANALYSIS = YES;
				CLANG_WARN_STRICT_PROTOTYPES = YES;
				CLANG_WARN_SUSPICIOUS_MOVE = YES;
				CLANG_WARN_UNGUARDED_AVAILABILITY = YES_AGGRESSIVE;
				CLANG_WARN_UNREACHABLE_CODE = YES;
				CLANG_WARN__DUPLICATE_METHOD_MATCH = YES;
				COPY_PHASE_STRIP = NO;
				DEBUG_INFORMATION_FORMAT = "dwarf-with-dsym";
				DYLIB_COMPATIBILITY_VERSION = 1.0;
				DYLIB_CURRENT_VERSION = 1.0.0;
				ENABLE_NS_ASSERTIONS = NO;
				ENABLE_STRICT_OBJC_MSGSEND = YES;
				GCC_C_LANGUAGE_STANDARD = "compiler-default";
				GCC_NO_COMMON_BLOCKS = YES;
				GCC_WARN_64_TO_32_BIT_CONVERSION = YES;
				GCC_WARN_ABOUT_RETURN_TYPE = YES_ERROR;
				GCC_WARN_UNDECLARED_SELECTOR = YES;
				GCC_WARN_UNINITIALIZED_AUTOS = YES_AGGRESSIVE;
				GCC_WARN_UNUSED_FUNCTION = YES;
				GCC_WARN_UNUSED_VARIABLE = YES;
				MACOSX_DEPLOYMENT_TARGET = 10.14;
				MTL_ENABLE_DEBUG_INFO = NO;
				MTL_FAST_MATH = YES;
				OTHER_CPLUSPLUSFLAGS = (
					"$(OTHER_CFLAGS)",
					"-Wno-comma",
				);
				OTHER_LDFLAGS = "";
				SDKROOT = macosx;
			};
			name = Release;
		};
		0BCACC8123A17107003278C8 /* Debug */ = {
			isa = XCBuildConfiguration;
			buildSettings = {
				CLANG_CXX_LANGUAGE_STANDARD = "c++0x";
				CODE_SIGN_STYLE = Automatic;
				"FRAMEWORK_SEARCH_PATHS[sdk=macosx*]" = "$(QTDIR)/lib";
				GCC_PREPROCESSOR_DEFINITIONS = (
					"DEBUG=1",
					"$(inherited)",
				);
				"HEADER_SEARCH_PATHS[sdk=macosx*]" = (
					"$(QTDIR)/lib/QtCore.framework/Headers/**",
					"$(QTDIR)/lib/QtGui.framework/Headers/**",
					"$(QTDIR)/lib/QtWidgets.framework/Headers/**",
				);
				"LD_RUNPATH_SEARCH_PATHS[sdk=macosx*]" = "$(QTDIR)/lib";
				"LIBRARY_SEARCH_PATHS[sdk=macosx*][arch=x86_64]" = "$(QTDIR)/lib/**";
				OTHER_LDFLAGS = (
					"-Wl,-rpath,@executable_path/Frameworks",
					"-Wl,-rpath,@executable_path/../Frameworks",
				);
				PRODUCT_NAME = "$(TARGET_NAME)";
			};
			name = Debug;
		};
		0BCACC8223A17107003278C8 /* Release */ = {
			isa = XCBuildConfiguration;
			buildSettings = {
				CLANG_CXX_LANGUAGE_STANDARD = "c++0x";
				CODE_SIGN_STYLE = Automatic;
				"FRAMEWORK_SEARCH_PATHS[sdk=macosx*]" = "$(QTDIR)/lib";
				"HEADER_SEARCH_PATHS[sdk=macosx*]" = (
					"$(QTDIR)/lib/QtCore.framework/Headers/**",
					"$(QTDIR)/lib/QtGui.framework/Headers/**",
					"$(QTDIR)/lib/QtWidgets.framework/Headers/**",
				);
				"LIBRARY_SEARCH_PATHS[sdk=macosx*][arch=x86_64]" = "$(QTDIR)/lib/**";
				OTHER_LDFLAGS = (
					"-Wl,-rpath,@executable_path/Frameworks",
					"-Wl,-rpath,@executable_path/../Frameworks",
				);
				PRODUCT_NAME = "$(TARGET_NAME)";
			};
			name = Release;
		};
/* End XCBuildConfiguration section */

/* Begin XCConfigurationList section */
		0BCACC7423A17107003278C8 /* Build configuration list for PBXProject "XCodeTests" */ = {
			isa = XCConfigurationList;
			buildConfigurations = (
				0BCACC7E23A17107003278C8 /* Debug */,
				0BCACC7F23A17107003278C8 /* Release */,
			);
			defaultConfigurationIsVisible = 0;
			defaultConfigurationName = Release;
		};
		0BCACC8023A17107003278C8 /* Build configuration list for PBXNativeTarget "XCodeTests" */ = {
			isa = XCConfigurationList;
			buildConfigurations = (
				0BCACC8123A17107003278C8 /* Debug */,
				0BCACC8223A17107003278C8 /* Release */,
			);
			defaultConfigurationIsVisible = 0;
			defaultConfigurationName = Release;
		};
/* End XCConfigurationList section */
	};
	rootObject = 0BCACC7123A17107003278C8 /* Project object */;
}
